
Microsoft Visual Studio Solution File, Format Version 12.00
Project("{FAE04EC0-301F-11D3-BF4B-00C04F79EFBC}") = "null_safety", "null_safety\null_safety.csproj", "{4667320C-7285-4A70-827D-9FCA37EA1B3C}"
EndProject
Global
	GlobalSection(SolutionConfigurationPlatforms) = preSolution
		Debug|Any CPU = Debug|Any CPU
		Release|Any CPU = Release|Any CPU
	EndGlobalSection
	GlobalSection(ProjectConfigurationPlatforms) = postSolution
		{4667320C-7285-4A70-827D-9FCA37EA1B3C}.Debug|Any CPU.ActiveCfg = Debug|Any CPU
		{4667320C-7285-4A70-827D-9FCA37EA1B3C}.Debug|Any CPU.Build.0 = Debug|Any CPU
		{4667320C-7285-4A70-827D-9FCA37EA1B3C}.Release|Any CPU.ActiveCfg = Release|Any CPU
		{4667320C-7285-4A70-827D-9FCA37EA1B3C}.Release|Any CPU.Build.0 = Release|Any CPU
	EndGlobalSection
EndGlobal
