
Microsoft Visual Studio Solution File, Format Version 12.00
Project("{FAE04EC0-301F-11D3-BF4B-00C04F79EFBC}") = "namespace_using", "namespace_using\namespace_using.csproj", "{AEF8DEBE-9CBF-4881-8FA0-27804E4AEEC8}"
EndProject
Global
	GlobalSection(SolutionConfigurationPlatforms) = preSolution
		Debug|Any CPU = Debug|Any CPU
		Release|Any CPU = Release|Any CPU
	EndGlobalSection
	GlobalSection(ProjectConfigurationPlatforms) = postSolution
		{AEF8DEBE-9CBF-4881-8FA0-27804E4AEEC8}.Debug|Any CPU.ActiveCfg = Debug|Any CPU
		{AEF8DEBE-9CBF-4881-8FA0-27804E4AEEC8}.Debug|Any CPU.Build.0 = Debug|Any CPU
		{AEF8DEBE-9CBF-4881-8FA0-27804E4AEEC8}.Release|Any CPU.ActiveCfg = Release|Any CPU
		{AEF8DEBE-9CBF-4881-8FA0-27804E4AEEC8}.Release|Any CPU.Build.0 = Release|Any CPU
	EndGlobalSection
EndGlobal
