
Microsoft Visual Studio Solution File, Format Version 12.00
Project("{FAE04EC0-301F-11D3-BF4B-00C04F79EFBC}") = "Evol_Lambda", "Evol_Lambda\Evol_Lambda.csproj", "{EF9E0B02-BBD4-4265-BF55-AFD647ECBF5E}"
EndProject
Global
	GlobalSection(SolutionConfigurationPlatforms) = preSolution
		Debug|Any CPU = Debug|Any CPU
		Release|Any CPU = Release|Any CPU
	EndGlobalSection
	GlobalSection(ProjectConfigurationPlatforms) = postSolution
		{EF9E0B02-BBD4-4265-BF55-AFD647ECBF5E}.Debug|Any CPU.ActiveCfg = Debug|Any CPU
		{EF9E0B02-BBD4-4265-BF55-AFD647ECBF5E}.Debug|Any CPU.Build.0 = Debug|Any CPU
		{EF9E0B02-BBD4-4265-BF55-AFD647ECBF5E}.Release|Any CPU.ActiveCfg = Release|Any CPU
		{EF9E0B02-BBD4-4265-BF55-AFD647ECBF5E}.Release|Any CPU.Build.0 = Release|Any CPU
	EndGlobalSection
EndGlobal
