
Microsoft Visual Studio Solution File, Format Version 12.00
Project("{FAE04EC0-301F-11D3-BF4B-00C04F79EFBC}") = "ICalc", " ICalc\ICalc.csproj", "{49339B07-DB9C-4B52-8BA1-F940D2D7710D}"
EndProject
Global
	GlobalSection(SolutionConfigurationPlatforms) = preSolution
		Debug|Any CPU = Debug|Any CPU
		Release|Any CPU = Release|Any CPU
	EndGlobalSection
	GlobalSection(ProjectConfigurationPlatforms) = postSolution
		{49339B07-DB9C-4B52-8BA1-F940D2D7710D}.Debug|Any CPU.ActiveCfg = Debug|Any CPU
		{49339B07-DB9C-4B52-8BA1-F940D2D7710D}.Debug|Any CPU.Build.0 = Debug|Any CPU
		{49339B07-DB9C-4B52-8BA1-F940D2D7710D}.Release|Any CPU.ActiveCfg = Release|Any CPU
		{49339B07-DB9C-4B52-8BA1-F940D2D7710D}.Release|Any CPU.Build.0 = Release|Any CPU
	EndGlobalSection
EndGlobal
