
Microsoft Visual Studio Solution File, Format Version 12.00
Project("{FAE04EC0-301F-11D3-BF4B-00C04F79EFBC}") = "DEVICE", "DEVICE\DEVICE.csproj", "{A761D023-FE08-4BD9-8275-E0E3A89A9589}"
EndProject
Global
	GlobalSection(SolutionConfigurationPlatforms) = preSolution
		Debug|Any CPU = Debug|Any CPU
		Release|Any CPU = Release|Any CPU
	EndGlobalSection
	GlobalSection(ProjectConfigurationPlatforms) = postSolution
		{A761D023-FE08-4BD9-8275-E0E3A89A9589}.Debug|Any CPU.ActiveCfg = Debug|Any CPU
		{A761D023-FE08-4BD9-8275-E0E3A89A9589}.Debug|Any CPU.Build.0 = Debug|Any CPU
		{A761D023-FE08-4BD9-8275-E0E3A89A9589}.Release|Any CPU.ActiveCfg = Release|Any CPU
		{A761D023-FE08-4BD9-8275-E0E3A89A9589}.Release|Any CPU.Build.0 = Release|Any CPU
	EndGlobalSection
EndGlobal
