
Microsoft Visual Studio Solution File, Format Version 12.00
Project("{FAE04EC0-301F-11D3-BF4B-00C04F79EFBC}") = "Group_Report", "Group_Report\Group_Report.csproj", "{7BFBDB16-AA7E-43A5-AC57-97DE0388F269}"
EndProject
Global
	GlobalSection(SolutionConfigurationPlatforms) = preSolution
		Debug|Any CPU = Debug|Any CPU
		Release|Any CPU = Release|Any CPU
	EndGlobalSection
	GlobalSection(ProjectConfigurationPlatforms) = postSolution
		{7BFBDB16-AA7E-43A5-AC57-97DE0388F269}.Debug|Any CPU.ActiveCfg = Debug|Any CPU
		{7BFBDB16-AA7E-43A5-AC57-97DE0388F269}.Debug|Any CPU.Build.0 = Debug|Any CPU
		{7BFBDB16-AA7E-43A5-AC57-97DE0388F269}.Release|Any CPU.ActiveCfg = Release|Any CPU
		{7BFBDB16-AA7E-43A5-AC57-97DE0388F269}.Release|Any CPU.Build.0 = Release|Any CPU
	EndGlobalSection
EndGlobal
