
Microsoft Visual Studio Solution File, Format Version 12.00
Project("{FAE04EC0-301F-11D3-BF4B-00C04F79EFBC}") = "IDisposable_using", "IDisposable_using\IDisposable_using.csproj", "{9C045A9E-77DD-4F05-9840-2DAFFF7AE2E3}"
EndProject
Global
	GlobalSection(SolutionConfigurationPlatforms) = preSolution
		Debug|Any CPU = Debug|Any CPU
		Release|Any CPU = Release|Any CPU
	EndGlobalSection
	GlobalSection(ProjectConfigurationPlatforms) = postSolution
		{9C045A9E-77DD-4F05-9840-2DAFFF7AE2E3}.Debug|Any CPU.ActiveCfg = Debug|Any CPU
		{9C045A9E-77DD-4F05-9840-2DAFFF7AE2E3}.Debug|Any CPU.Build.0 = Debug|Any CPU
		{9C045A9E-77DD-4F05-9840-2DAFFF7AE2E3}.Release|Any CPU.ActiveCfg = Release|Any CPU
		{9C045A9E-77DD-4F05-9840-2DAFFF7AE2E3}.Release|Any CPU.Build.0 = Release|Any CPU
	EndGlobalSection
EndGlobal
