
Microsoft Visual Studio Solution File, Format Version 12.00
Project("{FAE04EC0-301F-11D3-BF4B-00C04F79EFBC}") = "record_Passport", "record_Passport\record_Passport.csproj", "{862D8B42-366A-4E65-9B1A-B7C347894716}"
EndProject
Global
	GlobalSection(SolutionConfigurationPlatforms) = preSolution
		Debug|Any CPU = Debug|Any CPU
		Release|Any CPU = Release|Any CPU
	EndGlobalSection
	GlobalSection(ProjectConfigurationPlatforms) = postSolution
		{862D8B42-366A-4E65-9B1A-B7C347894716}.Debug|Any CPU.ActiveCfg = Debug|Any CPU
		{862D8B42-366A-4E65-9B1A-B7C347894716}.Debug|Any CPU.Build.0 = Debug|Any CPU
		{862D8B42-366A-4E65-9B1A-B7C347894716}.Release|Any CPU.ActiveCfg = Release|Any CPU
		{862D8B42-366A-4E65-9B1A-B7C347894716}.Release|Any CPU.Build.0 = Release|Any CPU
	EndGlobalSection
EndGlobal
